
Microsoft Visual Studio Solution File, Format Version 12.00
# Visual Studio 2013
VisualStudioVersion = 12.0.40629.0
MinimumVisualStudioVersion = 10.0.40219.1
Project("{FAE04EC0-301F-11D3-BF4B-00C04F79EFBC}") = "DynamicsCRM.SvcProxy", "DynamicsCRM.SvcProxy\DynamicsCRM.SvcProxy.csproj", "{EE3FB047-28C0-43A7-9E7F-8DBC97EE0641}"
EndProject
Project("{FAE04EC0-301F-11D3-BF4B-00C04F79EFBC}") = "UnitTestSvcProxy", "UnitTestSvcProxy\UnitTestSvcProxy.csproj", "{0652049F-49C6-4DE1-8134-160E713035EF}"
EndProject
Project("{2150E333-8FDC-42A3-9474-1A3956D46DE8}") = "SolutionCommon", "SolutionCommon", "{42FD6A2C-D6F2-44E2-85B3-B244A0209542}"
EndProject
Project("{FAE04EC0-301F-11D3-BF4B-00C04F79EFBC}") = "AKLabCRMBTS", "AKLabCRMBTS\AKLabCRMBTS.btproj", "{959F6619-0026-4CC0-B656-46E05353AA9E}"
EndProject
Global
	GlobalSection(SolutionConfigurationPlatforms) = preSolution
		Debug|Any CPU = Debug|Any CPU
		Release|Any CPU = Release|Any CPU
	EndGlobalSection
	GlobalSection(ProjectConfigurationPlatforms) = postSolution
		{EE3FB047-28C0-43A7-9E7F-8DBC97EE0641}.Debug|Any CPU.ActiveCfg = Debug|Any CPU
		{EE3FB047-28C0-43A7-9E7F-8DBC97EE0641}.Debug|Any CPU.Build.0 = Debug|Any CPU
		{EE3FB047-28C0-43A7-9E7F-8DBC97EE0641}.Release|Any CPU.ActiveCfg = Release|Any CPU
		{EE3FB047-28C0-43A7-9E7F-8DBC97EE0641}.Release|Any CPU.Build.0 = Release|Any CPU
		{0652049F-49C6-4DE1-8134-160E713035EF}.Debug|Any CPU.ActiveCfg = Debug|Any CPU
		{0652049F-49C6-4DE1-8134-160E713035EF}.Debug|Any CPU.Build.0 = Debug|Any CPU
		{0652049F-49C6-4DE1-8134-160E713035EF}.Release|Any CPU.ActiveCfg = Release|Any CPU
		{0652049F-49C6-4DE1-8134-160E713035EF}.Release|Any CPU.Build.0 = Release|Any CPU
		{959F6619-0026-4CC0-B656-46E05353AA9E}.Debug|Any CPU.ActiveCfg = Debug|Any CPU
		{959F6619-0026-4CC0-B656-46E05353AA9E}.Debug|Any CPU.Build.0 = Debug|Any CPU
		{959F6619-0026-4CC0-B656-46E05353AA9E}.Debug|Any CPU.Deploy.0 = Debug|Any CPU
		{959F6619-0026-4CC0-B656-46E05353AA9E}.Release|Any CPU.ActiveCfg = Release|Any CPU
		{959F6619-0026-4CC0-B656-46E05353AA9E}.Release|Any CPU.Build.0 = Release|Any CPU
		{959F6619-0026-4CC0-B656-46E05353AA9E}.Release|Any CPU.Deploy.0 = Release|Any CPU
	EndGlobalSection
	GlobalSection(SolutionProperties) = preSolution
		HideSolutionNode = FALSE
	EndGlobalSection
EndGlobal
